
Microsoft Visual Studio Solution File, Format Version 12.00
# Visual Studio 2013
VisualStudioVersion = 12.0.21005.1
MinimumVisualStudioVersion = 10.0.40219.1
Project("{FAE04EC0-301F-11D3-BF4B-00C04F79EFBC}") = "Rectangle10Stars", "Rectangle10Stars\Rectangle10Stars.csproj", "{CAA07EB9-48C5-4CB3-A5BF-65015905D69B}"
EndProject
Project("{FAE04EC0-301F-11D3-BF4B-00C04F79EFBC}") = "RectangleOf_n_n_Stars", "RectangleOf_n_n_Stars\RectangleOf_n_n_Stars.csproj", "{321D658D-71DC-4D4C-A88C-DE311ADF49C1}"
EndProject
Project("{FAE04EC0-301F-11D3-BF4B-00C04F79EFBC}") = "SquareOfStars", "SquareOfStars\SquareOfStars.csproj", "{C608C927-3F35-45A3-B532-27F0E1B45E41}"
EndProject
Project("{FAE04EC0-301F-11D3-BF4B-00C04F79EFBC}") = "DollarTriangle", "DollarTriangle\DollarTriangle.csproj", "{A6EAC9B6-3973-44B1-A31A-98CF656DBADE}"
EndProject
Project("{FAE04EC0-301F-11D3-BF4B-00C04F79EFBC}") = "SquareFrame", "SquareFrame\SquareFrame.csproj", "{48A10AFA-C351-44BB-B7AD-6B5F344FACF2}"
EndProject
Project("{FAE04EC0-301F-11D3-BF4B-00C04F79EFBC}") = "RhombusOfStars", "RhombusOfStars\RhombusOfStars.csproj", "{C3BD033B-5EB3-43AC-9C32-D30C7F71C9E0}"
EndProject
Project("{FAE04EC0-301F-11D3-BF4B-00C04F79EFBC}") = "ChristmasTree", "ChristmasTree\ChristmasTree.csproj", "{4974BFCB-2C4D-485A-8217-D9CBD0FE8A23}"
EndProject
Project("{FAE04EC0-301F-11D3-BF4B-00C04F79EFBC}") = "Sunglasses", "Sunglasses\Sunglasses.csproj", "{89F18921-CF1C-478D-B6FE-502AB34C66FE}"
EndProject
Project("{FAE04EC0-301F-11D3-BF4B-00C04F79EFBC}") = "Sunglasses2", "Sunglasses2\Sunglasses2.csproj", "{CB2539BB-DCBF-4BEB-9EBF-37BB9697E434}"
EndProject
Project("{FAE04EC0-301F-11D3-BF4B-00C04F79EFBC}") = "House", "House\House.csproj", "{2817B857-04CA-4F57-BEA8-42747B936C73}"
EndProject
Project("{FAE04EC0-301F-11D3-BF4B-00C04F79EFBC}") = "Diamond", "Diamond\Diamond.csproj", "{5F162ACB-BC42-4BF1-AF1E-D8EB9EFD85D1}"
EndProject
Project("{FAE04EC0-301F-11D3-BF4B-00C04F79EFBC}") = "House2", "House2\House2.csproj", "{9ED36123-C447-4A75-936D-2A28B16963D4}"
EndProject
Project("{FAE04EC0-301F-11D3-BF4B-00C04F79EFBC}") = "WebApp-Ratings", "WebApp-Ratings\WebApp-Ratings.csproj", "{A969FB1A-B526-479E-876E-AA15ABCF4C65}"
EndProject
Global
	GlobalSection(SolutionConfigurationPlatforms) = preSolution
		Debug|Any CPU = Debug|Any CPU
		Release|Any CPU = Release|Any CPU
	EndGlobalSection
	GlobalSection(ProjectConfigurationPlatforms) = postSolution
		{CAA07EB9-48C5-4CB3-A5BF-65015905D69B}.Debug|Any CPU.ActiveCfg = Debug|Any CPU
		{CAA07EB9-48C5-4CB3-A5BF-65015905D69B}.Debug|Any CPU.Build.0 = Debug|Any CPU
		{CAA07EB9-48C5-4CB3-A5BF-65015905D69B}.Release|Any CPU.ActiveCfg = Release|Any CPU
		{CAA07EB9-48C5-4CB3-A5BF-65015905D69B}.Release|Any CPU.Build.0 = Release|Any CPU
		{321D658D-71DC-4D4C-A88C-DE311ADF49C1}.Debug|Any CPU.ActiveCfg = Debug|Any CPU
		{321D658D-71DC-4D4C-A88C-DE311ADF49C1}.Debug|Any CPU.Build.0 = Debug|Any CPU
		{321D658D-71DC-4D4C-A88C-DE311ADF49C1}.Release|Any CPU.ActiveCfg = Release|Any CPU
		{321D658D-71DC-4D4C-A88C-DE311ADF49C1}.Release|Any CPU.Build.0 = Release|Any CPU
		{C608C927-3F35-45A3-B532-27F0E1B45E41}.Debug|Any CPU.ActiveCfg = Debug|Any CPU
		{C608C927-3F35-45A3-B532-27F0E1B45E41}.Debug|Any CPU.Build.0 = Debug|Any CPU
		{C608C927-3F35-45A3-B532-27F0E1B45E41}.Release|Any CPU.ActiveCfg = Release|Any CPU
		{C608C927-3F35-45A3-B532-27F0E1B45E41}.Release|Any CPU.Build.0 = Release|Any CPU
		{A6EAC9B6-3973-44B1-A31A-98CF656DBADE}.Debug|Any CPU.ActiveCfg = Debug|Any CPU
		{A6EAC9B6-3973-44B1-A31A-98CF656DBADE}.Debug|Any CPU.Build.0 = Debug|Any CPU
		{A6EAC9B6-3973-44B1-A31A-98CF656DBADE}.Release|Any CPU.ActiveCfg = Release|Any CPU
		{A6EAC9B6-3973-44B1-A31A-98CF656DBADE}.Release|Any CPU.Build.0 = Release|Any CPU
		{48A10AFA-C351-44BB-B7AD-6B5F344FACF2}.Debug|Any CPU.ActiveCfg = Debug|Any CPU
		{48A10AFA-C351-44BB-B7AD-6B5F344FACF2}.Debug|Any CPU.Build.0 = Debug|Any CPU
		{48A10AFA-C351-44BB-B7AD-6B5F344FACF2}.Release|Any CPU.ActiveCfg = Release|Any CPU
		{48A10AFA-C351-44BB-B7AD-6B5F344FACF2}.Release|Any CPU.Build.0 = Release|Any CPU
		{C3BD033B-5EB3-43AC-9C32-D30C7F71C9E0}.Debug|Any CPU.ActiveCfg = Debug|Any CPU
		{C3BD033B-5EB3-43AC-9C32-D30C7F71C9E0}.Debug|Any CPU.Build.0 = Debug|Any CPU
		{C3BD033B-5EB3-43AC-9C32-D30C7F71C9E0}.Release|Any CPU.ActiveCfg = Release|Any CPU
		{C3BD033B-5EB3-43AC-9C32-D30C7F71C9E0}.Release|Any CPU.Build.0 = Release|Any CPU
		{4974BFCB-2C4D-485A-8217-D9CBD0FE8A23}.Debug|Any CPU.ActiveCfg = Debug|Any CPU
		{4974BFCB-2C4D-485A-8217-D9CBD0FE8A23}.Debug|Any CPU.Build.0 = Debug|Any CPU
		{4974BFCB-2C4D-485A-8217-D9CBD0FE8A23}.Release|Any CPU.ActiveCfg = Release|Any CPU
		{4974BFCB-2C4D-485A-8217-D9CBD0FE8A23}.Release|Any CPU.Build.0 = Release|Any CPU
		{89F18921-CF1C-478D-B6FE-502AB34C66FE}.Debug|Any CPU.ActiveCfg = Debug|Any CPU
		{89F18921-CF1C-478D-B6FE-502AB34C66FE}.Debug|Any CPU.Build.0 = Debug|Any CPU
		{89F18921-CF1C-478D-B6FE-502AB34C66FE}.Release|Any CPU.ActiveCfg = Release|Any CPU
		{89F18921-CF1C-478D-B6FE-502AB34C66FE}.Release|Any CPU.Build.0 = Release|Any CPU
		{CB2539BB-DCBF-4BEB-9EBF-37BB9697E434}.Debug|Any CPU.ActiveCfg = Debug|Any CPU
		{CB2539BB-DCBF-4BEB-9EBF-37BB9697E434}.Debug|Any CPU.Build.0 = Debug|Any CPU
		{CB2539BB-DCBF-4BEB-9EBF-37BB9697E434}.Release|Any CPU.ActiveCfg = Release|Any CPU
		{CB2539BB-DCBF-4BEB-9EBF-37BB9697E434}.Release|Any CPU.Build.0 = Release|Any CPU
		{2817B857-04CA-4F57-BEA8-42747B936C73}.Debug|Any CPU.ActiveCfg = Debug|Any CPU
		{2817B857-04CA-4F57-BEA8-42747B936C73}.Debug|Any CPU.Build.0 = Debug|Any CPU
		{2817B857-04CA-4F57-BEA8-42747B936C73}.Release|Any CPU.ActiveCfg = Release|Any CPU
		{2817B857-04CA-4F57-BEA8-42747B936C73}.Release|Any CPU.Build.0 = Release|Any CPU
		{5F162ACB-BC42-4BF1-AF1E-D8EB9EFD85D1}.Debug|Any CPU.ActiveCfg = Debug|Any CPU
		{5F162ACB-BC42-4BF1-AF1E-D8EB9EFD85D1}.Debug|Any CPU.Build.0 = Debug|Any CPU
		{5F162ACB-BC42-4BF1-AF1E-D8EB9EFD85D1}.Release|Any CPU.ActiveCfg = Release|Any CPU
		{5F162ACB-BC42-4BF1-AF1E-D8EB9EFD85D1}.Release|Any CPU.Build.0 = Release|Any CPU
		{9ED36123-C447-4A75-936D-2A28B16963D4}.Debug|Any CPU.ActiveCfg = Debug|Any CPU
		{9ED36123-C447-4A75-936D-2A28B16963D4}.Debug|Any CPU.Build.0 = Debug|Any CPU
		{9ED36123-C447-4A75-936D-2A28B16963D4}.Release|Any CPU.ActiveCfg = Release|Any CPU
		{9ED36123-C447-4A75-936D-2A28B16963D4}.Release|Any CPU.Build.0 = Release|Any CPU
		{A969FB1A-B526-479E-876E-AA15ABCF4C65}.Debug|Any CPU.ActiveCfg = Debug|Any CPU
		{A969FB1A-B526-479E-876E-AA15ABCF4C65}.Debug|Any CPU.Build.0 = Debug|Any CPU
		{A969FB1A-B526-479E-876E-AA15ABCF4C65}.Release|Any CPU.ActiveCfg = Release|Any CPU
		{A969FB1A-B526-479E-876E-AA15ABCF4C65}.Release|Any CPU.Build.0 = Release|Any CPU
	EndGlobalSection
	GlobalSection(SolutionProperties) = preSolution
		HideSolutionNode = FALSE
	EndGlobalSection
EndGlobal
