
Microsoft Visual Studio Solution File, Format Version 12.00
# Visual Studio 2013
VisualStudioVersion = 12.0.21005.1
MinimumVisualStudioVersion = 10.0.40219.1
Project("{FAE04EC0-301F-11D3-BF4B-00C04F79EFBC}") = "NumbersFrom1to100", "NumbersFrom1to100\NumbersFrom1to100.csproj", "{109FF441-B2BA-4A04-96E6-E477E8F49AAA}"
EndProject
Project("{FAE04EC0-301F-11D3-BF4B-00C04F79EFBC}") = "NumbersEndingIn7", "NumbersEndingIn7\NumbersEndingIn7.csproj", "{536130A6-EB59-483E-90CA-15F9CEA2B6FF}"
EndProject
Project("{FAE04EC0-301F-11D3-BF4B-00C04F79EFBC}") = "LatinLetters", "LatinLetters\LatinLetters.csproj", "{B25E85A3-0D7C-4B80-8F63-99F94D37A19F}"
EndProject
Project("{FAE04EC0-301F-11D3-BF4B-00C04F79EFBC}") = "SumNumbers", "SumNumbers\SumNumbers.csproj", "{23D6153F-4565-4D50-BD1C-D82E08FFD2F5}"
EndProject
Project("{FAE04EC0-301F-11D3-BF4B-00C04F79EFBC}") = "MaxNumber", "MaxNumber\MaxNumber.csproj", "{257DF114-7DCB-4890-88A6-E36D1DD1B176}"
EndProject
Project("{FAE04EC0-301F-11D3-BF4B-00C04F79EFBC}") = "MinNumber", "MinNumber\MinNumber.csproj", "{32BB1B8D-C479-4641-9E6D-9173A2F581D9}"
EndProject
Project("{FAE04EC0-301F-11D3-BF4B-00C04F79EFBC}") = "LeftAndRightSum", "LeftAndRightSum\LeftAndRightSum.csproj", "{6727AD73-93CF-4A79-A1ED-4625C31B67C1}"
EndProject
Project("{FAE04EC0-301F-11D3-BF4B-00C04F79EFBC}") = "EvenOddSum", "EvenOddSum\EvenOddSum.csproj", "{ED0455AB-F7A3-44F6-8A77-01EBDDD4BC0B}"
EndProject
Project("{FAE04EC0-301F-11D3-BF4B-00C04F79EFBC}") = "VowelSum", "VowelSum\VowelSum.csproj", "{00E4333F-06A6-474F-B0F8-9E06DB46FC46}"
EndProject
Project("{FAE04EC0-301F-11D3-BF4B-00C04F79EFBC}") = "TurtleGraphics", "TurtleGraphics\TurtleGraphics.csproj", "{987FA4A2-70B3-4C60-998D-3FEEDA7EE368}"
EndProject
Project("{FAE04EC0-301F-11D3-BF4B-00C04F79EFBC}") = "HalfSumElement", "HalfSumElement\HalfSumElement.csproj", "{99B1DBDF-6E57-4AC8-AA0E-6985841CE6B0}"
EndProject
Project("{FAE04EC0-301F-11D3-BF4B-00C04F79EFBC}") = "OddEvenPosition", "OddEvenPosition\OddEvenPosition.csproj", "{DFB7A7B7-B973-478F-A90F-B8893AD9B356}"
EndProject
Project("{FAE04EC0-301F-11D3-BF4B-00C04F79EFBC}") = "Equal Pairs", "Equal Pairs\Equal Pairs.csproj", "{4F97DCAF-463E-4B3E-9B01-6129DBA1A0D2}"
EndProject
Global
	GlobalSection(SolutionConfigurationPlatforms) = preSolution
		Debug|Any CPU = Debug|Any CPU
		Release|Any CPU = Release|Any CPU
	EndGlobalSection
	GlobalSection(ProjectConfigurationPlatforms) = postSolution
		{109FF441-B2BA-4A04-96E6-E477E8F49AAA}.Debug|Any CPU.ActiveCfg = Debug|Any CPU
		{109FF441-B2BA-4A04-96E6-E477E8F49AAA}.Debug|Any CPU.Build.0 = Debug|Any CPU
		{109FF441-B2BA-4A04-96E6-E477E8F49AAA}.Release|Any CPU.ActiveCfg = Release|Any CPU
		{109FF441-B2BA-4A04-96E6-E477E8F49AAA}.Release|Any CPU.Build.0 = Release|Any CPU
		{536130A6-EB59-483E-90CA-15F9CEA2B6FF}.Debug|Any CPU.ActiveCfg = Debug|Any CPU
		{536130A6-EB59-483E-90CA-15F9CEA2B6FF}.Debug|Any CPU.Build.0 = Debug|Any CPU
		{536130A6-EB59-483E-90CA-15F9CEA2B6FF}.Release|Any CPU.ActiveCfg = Release|Any CPU
		{536130A6-EB59-483E-90CA-15F9CEA2B6FF}.Release|Any CPU.Build.0 = Release|Any CPU
		{B25E85A3-0D7C-4B80-8F63-99F94D37A19F}.Debug|Any CPU.ActiveCfg = Debug|Any CPU
		{B25E85A3-0D7C-4B80-8F63-99F94D37A19F}.Debug|Any CPU.Build.0 = Debug|Any CPU
		{B25E85A3-0D7C-4B80-8F63-99F94D37A19F}.Release|Any CPU.ActiveCfg = Release|Any CPU
		{B25E85A3-0D7C-4B80-8F63-99F94D37A19F}.Release|Any CPU.Build.0 = Release|Any CPU
		{23D6153F-4565-4D50-BD1C-D82E08FFD2F5}.Debug|Any CPU.ActiveCfg = Debug|Any CPU
		{23D6153F-4565-4D50-BD1C-D82E08FFD2F5}.Debug|Any CPU.Build.0 = Debug|Any CPU
		{23D6153F-4565-4D50-BD1C-D82E08FFD2F5}.Release|Any CPU.ActiveCfg = Release|Any CPU
		{23D6153F-4565-4D50-BD1C-D82E08FFD2F5}.Release|Any CPU.Build.0 = Release|Any CPU
		{257DF114-7DCB-4890-88A6-E36D1DD1B176}.Debug|Any CPU.ActiveCfg = Debug|Any CPU
		{257DF114-7DCB-4890-88A6-E36D1DD1B176}.Debug|Any CPU.Build.0 = Debug|Any CPU
		{257DF114-7DCB-4890-88A6-E36D1DD1B176}.Release|Any CPU.ActiveCfg = Release|Any CPU
		{257DF114-7DCB-4890-88A6-E36D1DD1B176}.Release|Any CPU.Build.0 = Release|Any CPU
		{32BB1B8D-C479-4641-9E6D-9173A2F581D9}.Debug|Any CPU.ActiveCfg = Debug|Any CPU
		{32BB1B8D-C479-4641-9E6D-9173A2F581D9}.Debug|Any CPU.Build.0 = Debug|Any CPU
		{32BB1B8D-C479-4641-9E6D-9173A2F581D9}.Release|Any CPU.ActiveCfg = Release|Any CPU
		{32BB1B8D-C479-4641-9E6D-9173A2F581D9}.Release|Any CPU.Build.0 = Release|Any CPU
		{6727AD73-93CF-4A79-A1ED-4625C31B67C1}.Debug|Any CPU.ActiveCfg = Debug|Any CPU
		{6727AD73-93CF-4A79-A1ED-4625C31B67C1}.Debug|Any CPU.Build.0 = Debug|Any CPU
		{6727AD73-93CF-4A79-A1ED-4625C31B67C1}.Release|Any CPU.ActiveCfg = Release|Any CPU
		{6727AD73-93CF-4A79-A1ED-4625C31B67C1}.Release|Any CPU.Build.0 = Release|Any CPU
		{ED0455AB-F7A3-44F6-8A77-01EBDDD4BC0B}.Debug|Any CPU.ActiveCfg = Debug|Any CPU
		{ED0455AB-F7A3-44F6-8A77-01EBDDD4BC0B}.Debug|Any CPU.Build.0 = Debug|Any CPU
		{ED0455AB-F7A3-44F6-8A77-01EBDDD4BC0B}.Release|Any CPU.ActiveCfg = Release|Any CPU
		{ED0455AB-F7A3-44F6-8A77-01EBDDD4BC0B}.Release|Any CPU.Build.0 = Release|Any CPU
		{00E4333F-06A6-474F-B0F8-9E06DB46FC46}.Debug|Any CPU.ActiveCfg = Debug|Any CPU
		{00E4333F-06A6-474F-B0F8-9E06DB46FC46}.Debug|Any CPU.Build.0 = Debug|Any CPU
		{00E4333F-06A6-474F-B0F8-9E06DB46FC46}.Release|Any CPU.ActiveCfg = Release|Any CPU
		{00E4333F-06A6-474F-B0F8-9E06DB46FC46}.Release|Any CPU.Build.0 = Release|Any CPU
		{987FA4A2-70B3-4C60-998D-3FEEDA7EE368}.Debug|Any CPU.ActiveCfg = Debug|Any CPU
		{987FA4A2-70B3-4C60-998D-3FEEDA7EE368}.Debug|Any CPU.Build.0 = Debug|Any CPU
		{987FA4A2-70B3-4C60-998D-3FEEDA7EE368}.Release|Any CPU.ActiveCfg = Release|Any CPU
		{987FA4A2-70B3-4C60-998D-3FEEDA7EE368}.Release|Any CPU.Build.0 = Release|Any CPU
		{99B1DBDF-6E57-4AC8-AA0E-6985841CE6B0}.Debug|Any CPU.ActiveCfg = Debug|Any CPU
		{99B1DBDF-6E57-4AC8-AA0E-6985841CE6B0}.Debug|Any CPU.Build.0 = Debug|Any CPU
		{99B1DBDF-6E57-4AC8-AA0E-6985841CE6B0}.Release|Any CPU.ActiveCfg = Release|Any CPU
		{99B1DBDF-6E57-4AC8-AA0E-6985841CE6B0}.Release|Any CPU.Build.0 = Release|Any CPU
		{DFB7A7B7-B973-478F-A90F-B8893AD9B356}.Debug|Any CPU.ActiveCfg = Debug|Any CPU
		{DFB7A7B7-B973-478F-A90F-B8893AD9B356}.Debug|Any CPU.Build.0 = Debug|Any CPU
		{DFB7A7B7-B973-478F-A90F-B8893AD9B356}.Release|Any CPU.ActiveCfg = Release|Any CPU
		{DFB7A7B7-B973-478F-A90F-B8893AD9B356}.Release|Any CPU.Build.0 = Release|Any CPU
		{4F97DCAF-463E-4B3E-9B01-6129DBA1A0D2}.Debug|Any CPU.ActiveCfg = Debug|Any CPU
		{4F97DCAF-463E-4B3E-9B01-6129DBA1A0D2}.Debug|Any CPU.Build.0 = Debug|Any CPU
		{4F97DCAF-463E-4B3E-9B01-6129DBA1A0D2}.Release|Any CPU.ActiveCfg = Release|Any CPU
		{4F97DCAF-463E-4B3E-9B01-6129DBA1A0D2}.Release|Any CPU.Build.0 = Release|Any CPU
	EndGlobalSection
	GlobalSection(SolutionProperties) = preSolution
		HideSolutionNode = FALSE
	EndGlobalSection
EndGlobal
