
Microsoft Visual Studio Solution File, Format Version 12.00
# Visual Studio 2013
VisualStudioVersion = 12.0.21005.1
MinimumVisualStudioVersion = 10.0.40219.1
Project("{FAE04EC0-301F-11D3-BF4B-00C04F79EFBC}") = "TriangleArea", "TriangleArea\TriangleArea.csproj", "{EE4D4150-F2F8-419F-966A-ACCC59438761}"
EndProject
Project("{FAE04EC0-301F-11D3-BF4B-00C04F79EFBC}") = "Bricks", "Bricks\Bricks.csproj", "{CBFEECF6-C378-4AAF-BCD3-7566D75C36E0}"
EndProject
Project("{FAE04EC0-301F-11D3-BF4B-00C04F79EFBC}") = "PointOnSegment", "PointOnSegment\PointOnSegment.csproj", "{D621E032-9152-46E8-B6A5-97EFE551CCBA}"
EndProject
Project("{FAE04EC0-301F-11D3-BF4B-00C04F79EFBC}") = "PointOnSegment2", "PointOnSegment2\PointOnSegment2.csproj", "{222B0476-39E9-4398-9A7D-79C0B7E266FE}"
EndProject
Project("{FAE04EC0-301F-11D3-BF4B-00C04F79EFBC}") = "PointInFigure", "PointInFigure\PointInFigure.csproj", "{BFF4C319-93C0-4B78-A2CF-A814416DB878}"
EndProject
Project("{FAE04EC0-301F-11D3-BF4B-00C04F79EFBC}") = "DateAfter5Days", "DateAfter5Days\DateAfter5Days.csproj", "{6092E6D8-6FF7-471B-9963-7639B9CF27DB}"
EndProject
Project("{FAE04EC0-301F-11D3-BF4B-00C04F79EFBC}") = "Sums3Numbers", "Sums3Numbers\Sums3Numbers.csproj", "{C1273E16-33B8-4B0D-BB77-0CCDFE9599D4}"
EndProject
Project("{FAE04EC0-301F-11D3-BF4B-00C04F79EFBC}") = "DaysAfter5Days_2", "DaysAfter5Days_2\DaysAfter5Days_2.csproj", "{E8541132-D83F-4ADC-AAE8-DF16A340E77B}"
EndProject
Project("{FAE04EC0-301F-11D3-BF4B-00C04F79EFBC}") = "SumsStep3", "SumsStep3\SumsStep3.csproj", "{760F39C8-516A-49FB-B5CA-1FAAB8F59094}"
EndProject
Project("{FAE04EC0-301F-11D3-BF4B-00C04F79EFBC}") = "IncreasingElements", "IncreasingElements\IncreasingElements.csproj", "{EBD6E6FB-C6BB-4F75-9133-526FE719EB8C}"
EndProject
Project("{FAE04EC0-301F-11D3-BF4B-00C04F79EFBC}") = "PerfectDiamond", "PerfectDiamond\PerfectDiamond.csproj", "{47BEE7D8-1CA4-46C2-8CD7-F24D7676D4BD}"
EndProject
Project("{FAE04EC0-301F-11D3-BF4B-00C04F79EFBC}") = "RectangleWithStars", "RectangleWithStars\RectangleWithStars.csproj", "{0C9807DF-279C-4DF3-918B-279CA722918A}"
EndProject
Project("{FAE04EC0-301F-11D3-BF4B-00C04F79EFBC}") = "RectangleWithStars2", "RectangleWithStars2\RectangleWithStars2.csproj", "{D989CC1E-81B7-447F-900D-64BF791064A8}"
EndProject
Project("{FAE04EC0-301F-11D3-BF4B-00C04F79EFBC}") = "Increasing4Numbers", "Increasing4Numbers\Increasing4Numbers.csproj", "{219E242A-81D6-4C9D-AFD6-4E7C986525F4}"
EndProject
Project("{FAE04EC0-301F-11D3-BF4B-00C04F79EFBC}") = "GenerateRectangle", "GenerateRectangle\GenerateRectangle.csproj", "{EE5312E3-004A-4C3F-8B09-8CB950D80F64}"
EndProject
Global
	GlobalSection(SolutionConfigurationPlatforms) = preSolution
		Debug|Any CPU = Debug|Any CPU
		Release|Any CPU = Release|Any CPU
	EndGlobalSection
	GlobalSection(ProjectConfigurationPlatforms) = postSolution
		{EE4D4150-F2F8-419F-966A-ACCC59438761}.Debug|Any CPU.ActiveCfg = Debug|Any CPU
		{EE4D4150-F2F8-419F-966A-ACCC59438761}.Debug|Any CPU.Build.0 = Debug|Any CPU
		{EE4D4150-F2F8-419F-966A-ACCC59438761}.Release|Any CPU.ActiveCfg = Release|Any CPU
		{EE4D4150-F2F8-419F-966A-ACCC59438761}.Release|Any CPU.Build.0 = Release|Any CPU
		{CBFEECF6-C378-4AAF-BCD3-7566D75C36E0}.Debug|Any CPU.ActiveCfg = Debug|Any CPU
		{CBFEECF6-C378-4AAF-BCD3-7566D75C36E0}.Debug|Any CPU.Build.0 = Debug|Any CPU
		{CBFEECF6-C378-4AAF-BCD3-7566D75C36E0}.Release|Any CPU.ActiveCfg = Release|Any CPU
		{CBFEECF6-C378-4AAF-BCD3-7566D75C36E0}.Release|Any CPU.Build.0 = Release|Any CPU
		{D621E032-9152-46E8-B6A5-97EFE551CCBA}.Debug|Any CPU.ActiveCfg = Debug|Any CPU
		{D621E032-9152-46E8-B6A5-97EFE551CCBA}.Debug|Any CPU.Build.0 = Debug|Any CPU
		{D621E032-9152-46E8-B6A5-97EFE551CCBA}.Release|Any CPU.ActiveCfg = Release|Any CPU
		{D621E032-9152-46E8-B6A5-97EFE551CCBA}.Release|Any CPU.Build.0 = Release|Any CPU
		{222B0476-39E9-4398-9A7D-79C0B7E266FE}.Debug|Any CPU.ActiveCfg = Debug|Any CPU
		{222B0476-39E9-4398-9A7D-79C0B7E266FE}.Debug|Any CPU.Build.0 = Debug|Any CPU
		{222B0476-39E9-4398-9A7D-79C0B7E266FE}.Release|Any CPU.ActiveCfg = Release|Any CPU
		{222B0476-39E9-4398-9A7D-79C0B7E266FE}.Release|Any CPU.Build.0 = Release|Any CPU
		{BFF4C319-93C0-4B78-A2CF-A814416DB878}.Debug|Any CPU.ActiveCfg = Debug|Any CPU
		{BFF4C319-93C0-4B78-A2CF-A814416DB878}.Debug|Any CPU.Build.0 = Debug|Any CPU
		{BFF4C319-93C0-4B78-A2CF-A814416DB878}.Release|Any CPU.ActiveCfg = Release|Any CPU
		{BFF4C319-93C0-4B78-A2CF-A814416DB878}.Release|Any CPU.Build.0 = Release|Any CPU
		{6092E6D8-6FF7-471B-9963-7639B9CF27DB}.Debug|Any CPU.ActiveCfg = Debug|Any CPU
		{6092E6D8-6FF7-471B-9963-7639B9CF27DB}.Debug|Any CPU.Build.0 = Debug|Any CPU
		{6092E6D8-6FF7-471B-9963-7639B9CF27DB}.Release|Any CPU.ActiveCfg = Release|Any CPU
		{6092E6D8-6FF7-471B-9963-7639B9CF27DB}.Release|Any CPU.Build.0 = Release|Any CPU
		{C1273E16-33B8-4B0D-BB77-0CCDFE9599D4}.Debug|Any CPU.ActiveCfg = Debug|Any CPU
		{C1273E16-33B8-4B0D-BB77-0CCDFE9599D4}.Debug|Any CPU.Build.0 = Debug|Any CPU
		{C1273E16-33B8-4B0D-BB77-0CCDFE9599D4}.Release|Any CPU.ActiveCfg = Release|Any CPU
		{C1273E16-33B8-4B0D-BB77-0CCDFE9599D4}.Release|Any CPU.Build.0 = Release|Any CPU
		{E8541132-D83F-4ADC-AAE8-DF16A340E77B}.Debug|Any CPU.ActiveCfg = Debug|Any CPU
		{E8541132-D83F-4ADC-AAE8-DF16A340E77B}.Debug|Any CPU.Build.0 = Debug|Any CPU
		{E8541132-D83F-4ADC-AAE8-DF16A340E77B}.Release|Any CPU.ActiveCfg = Release|Any CPU
		{E8541132-D83F-4ADC-AAE8-DF16A340E77B}.Release|Any CPU.Build.0 = Release|Any CPU
		{760F39C8-516A-49FB-B5CA-1FAAB8F59094}.Debug|Any CPU.ActiveCfg = Debug|Any CPU
		{760F39C8-516A-49FB-B5CA-1FAAB8F59094}.Debug|Any CPU.Build.0 = Debug|Any CPU
		{760F39C8-516A-49FB-B5CA-1FAAB8F59094}.Release|Any CPU.ActiveCfg = Release|Any CPU
		{760F39C8-516A-49FB-B5CA-1FAAB8F59094}.Release|Any CPU.Build.0 = Release|Any CPU
		{EBD6E6FB-C6BB-4F75-9133-526FE719EB8C}.Debug|Any CPU.ActiveCfg = Debug|Any CPU
		{EBD6E6FB-C6BB-4F75-9133-526FE719EB8C}.Debug|Any CPU.Build.0 = Debug|Any CPU
		{EBD6E6FB-C6BB-4F75-9133-526FE719EB8C}.Release|Any CPU.ActiveCfg = Release|Any CPU
		{EBD6E6FB-C6BB-4F75-9133-526FE719EB8C}.Release|Any CPU.Build.0 = Release|Any CPU
		{47BEE7D8-1CA4-46C2-8CD7-F24D7676D4BD}.Debug|Any CPU.ActiveCfg = Debug|Any CPU
		{47BEE7D8-1CA4-46C2-8CD7-F24D7676D4BD}.Debug|Any CPU.Build.0 = Debug|Any CPU
		{47BEE7D8-1CA4-46C2-8CD7-F24D7676D4BD}.Release|Any CPU.ActiveCfg = Release|Any CPU
		{47BEE7D8-1CA4-46C2-8CD7-F24D7676D4BD}.Release|Any CPU.Build.0 = Release|Any CPU
		{0C9807DF-279C-4DF3-918B-279CA722918A}.Debug|Any CPU.ActiveCfg = Debug|Any CPU
		{0C9807DF-279C-4DF3-918B-279CA722918A}.Debug|Any CPU.Build.0 = Debug|Any CPU
		{0C9807DF-279C-4DF3-918B-279CA722918A}.Release|Any CPU.ActiveCfg = Release|Any CPU
		{0C9807DF-279C-4DF3-918B-279CA722918A}.Release|Any CPU.Build.0 = Release|Any CPU
		{D989CC1E-81B7-447F-900D-64BF791064A8}.Debug|Any CPU.ActiveCfg = Debug|Any CPU
		{D989CC1E-81B7-447F-900D-64BF791064A8}.Debug|Any CPU.Build.0 = Debug|Any CPU
		{D989CC1E-81B7-447F-900D-64BF791064A8}.Release|Any CPU.ActiveCfg = Release|Any CPU
		{D989CC1E-81B7-447F-900D-64BF791064A8}.Release|Any CPU.Build.0 = Release|Any CPU
		{219E242A-81D6-4C9D-AFD6-4E7C986525F4}.Debug|Any CPU.ActiveCfg = Debug|Any CPU
		{219E242A-81D6-4C9D-AFD6-4E7C986525F4}.Debug|Any CPU.Build.0 = Debug|Any CPU
		{219E242A-81D6-4C9D-AFD6-4E7C986525F4}.Release|Any CPU.ActiveCfg = Release|Any CPU
		{219E242A-81D6-4C9D-AFD6-4E7C986525F4}.Release|Any CPU.Build.0 = Release|Any CPU
		{EE5312E3-004A-4C3F-8B09-8CB950D80F64}.Debug|Any CPU.ActiveCfg = Debug|Any CPU
		{EE5312E3-004A-4C3F-8B09-8CB950D80F64}.Debug|Any CPU.Build.0 = Debug|Any CPU
		{EE5312E3-004A-4C3F-8B09-8CB950D80F64}.Release|Any CPU.ActiveCfg = Release|Any CPU
		{EE5312E3-004A-4C3F-8B09-8CB950D80F64}.Release|Any CPU.Build.0 = Release|Any CPU
	EndGlobalSection
	GlobalSection(SolutionProperties) = preSolution
		HideSolutionNode = FALSE
	EndGlobalSection
EndGlobal
