
Microsoft Visual Studio Solution File, Format Version 12.00
# Visual Studio 14
VisualStudioVersion = 14.0.25123.0
MinimumVisualStudioVersion = 10.0.40219.1
Project("{FAE04EC0-301F-11D3-BF4B-00C04F79EFBC}") = "1 HungryGarfield", "HungryGarfield\1 HungryGarfield.csproj", "{084283B7-B565-4821-8915-6BBB639F3E22}"
EndProject
Project("{FAE04EC0-301F-11D3-BF4B-00C04F79EFBC}") = "2 EncodedAnswers", "EncodedAnswers\2 EncodedAnswers.csproj", "{859A1FC2-E0D4-44B2-BB67-B44396C5252B}"
EndProject
Project("{FAE04EC0-301F-11D3-BF4B-00C04F79EFBC}") = "1 FallenInLove", "3 FallenInLove\1 FallenInLove.csproj", "{E1FCC997-A0CA-4B01-8612-CD405A199E19}"
EndProject
Project("{FAE04EC0-301F-11D3-BF4B-00C04F79EFBC}") = "1 CakeTycoon", "1 CakeTycoon\1 CakeTycoon.csproj", "{CCA44180-1B94-404E-A25F-2C9391DF34C3}"
EndProject
Project("{FAE04EC0-301F-11D3-BF4B-00C04F79EFBC}") = "1 ImpressTheGirlfriend", "1 ImpressTheGirlfriend\1 ImpressTheGirlfriend.csproj", "{C8DC83B9-D1DB-4891-A6D5-EBB65B84E85E}"
EndProject
Project("{FAE04EC0-301F-11D3-BF4B-00C04F79EFBC}") = "2 LoopsTakePlaneDown", "TakeThePlaneDown\2 LoopsTakePlaneDown.csproj", "{49E58846-9230-47A6-BEA8-06E036D38E98}"
EndProject
Project("{FAE04EC0-301F-11D3-BF4B-00C04F79EFBC}") = "1 ProspectInHospitality", "ProspectInHospitality\1 ProspectInHospitality.csproj", "{059D29FA-B34B-4DEE-93AD-75ED7D6904A9}"
EndProject
Project("{FAE04EC0-301F-11D3-BF4B-00C04F79EFBC}") = "2 SudokuResults", "SudokuResults\2 SudokuResults.csproj", "{359225A7-0D3E-43F6-BAEE-EA9F59B5BC56}"
EndProject
Project("{FAE04EC0-301F-11D3-BF4B-00C04F79EFBC}") = "3 DrawElectionsList", "3 LocalElections\3 DrawElectionsList.csproj", "{343BDE5D-D9F9-48A6-AEDD-E02654222868}"
EndProject
Project("{FAE04EC0-301F-11D3-BF4B-00C04F79EFBC}") = "2 WhileBeerStock", "2 BeerStock\2 WhileBeerStock.csproj", "{199096D2-479D-42FA-8A2E-5B4EF3FD843D}"
EndProject
Project("{FAE04EC0-301F-11D3-BF4B-00C04F79EFBC}") = "3 DrawIlluminatiLock", "3 Illuminati Lock\3 DrawIlluminatiLock.csproj", "{9547A378-6CEB-41CC-95DC-A2AC9E42C23B}"
EndProject
Project("{FAE04EC0-301F-11D3-BF4B-00C04F79EFBC}") = "1 BaiIvanAdventures", "BaiIvanAdventures\1 BaiIvanAdventures.csproj", "{2CCD5531-206F-4011-81EB-E48E8ABECE4D}"
EndProject
Project("{FAE04EC0-301F-11D3-BF4B-00C04F79EFBC}") = "2 WhileAniIsDrunk", "2 AniIsDrunk\2 WhileAniIsDrunk.csproj", "{5F818AEE-0731-4F48-ADC0-28F494E76F35}"
EndProject
Project("{FAE04EC0-301F-11D3-BF4B-00C04F79EFBC}") = "3 DrawChristmasTree", "3 ChristmasTree\3 DrawChristmasTree.csproj", "{7F37D25E-CC37-4410-A519-34A6CBBAA1CE}"
EndProject
Project("{FAE04EC0-301F-11D3-BF4B-00C04F79EFBC}") = "4 WhilePhoneProcesses", "PhoneProcesses\4 WhilePhoneProcesses.csproj", "{D968C0B9-F35E-45B1-9CC5-AA4237623FBA}"
EndProject
Project("{FAE04EC0-301F-11D3-BF4B-00C04F79EFBC}") = "1 TheBetterMusicProducer", "TheBetterMusicProducer\1 TheBetterMusicProducer.csproj", "{8784D744-325D-4440-9206-349B9A8F8410}"
EndProject
Project("{FAE04EC0-301F-11D3-BF4B-00C04F79EFBC}") = "2 GrandTheftExamo", "2 GrandTheftExamo\2 GrandTheftExamo.csproj", "{B205C88F-DCBE-4FD2-B575-FA8BCC1BE988}"
EndProject
Project("{FAE04EC0-301F-11D3-BF4B-00C04F79EFBC}") = "3 DrawPlaidTowel", "3 PlaidTowel\3 DrawPlaidTowel.csproj", "{95D2BEE7-E69C-4D55-8A4E-E759007FB3C0}"
EndProject
Project("{FAE04EC0-301F-11D3-BF4B-00C04F79EFBC}") = "DailyCalorieIntake", "DailyCalorieIntake\DailyCalorieIntake.csproj", "{D787AF7F-44AB-4E34-A315-A15709C84871}"
EndProject
Project("{FAE04EC0-301F-11D3-BF4B-00C04F79EFBC}") = "2 WhileFootballStatistician", "2 TheFootballStatistician\2 WhileFootballStatistician.csproj", "{2A49328C-81F7-44E6-9399-F562355CE610}"
EndProject
Project("{FAE04EC0-301F-11D3-BF4B-00C04F79EFBC}") = "3 DrawStripTowel", "3 StripTowel\3 DrawStripTowel.csproj", "{96BA9DCD-0A0B-4F00-A790-EC775CBE05F6}"
EndProject
Project("{FAE04EC0-301F-11D3-BF4B-00C04F79EFBC}") = "4 LoopsFigurePoints", "4 TeleportPoints\4 LoopsFigurePoints.csproj", "{67F411C8-9C3F-4D63-993A-0ABA71C20E11}"
EndProject
Project("{FAE04EC0-301F-11D3-BF4B-00C04F79EFBC}") = "5 BitsWave", "5 WaveBits\5 BitsWave.csproj", "{5E178AE9-1D35-4C52-B89B-D22CCD0611EF}"
EndProject
Project("{FAE04EC0-301F-11D3-BF4B-00C04F79EFBC}") = "1 FourFactors", "1 FourFactors\1 FourFactors.csproj", "{1250BA10-1E8F-4D06-BB3B-154739A87636}"
EndProject
Project("{FAE04EC0-301F-11D3-BF4B-00C04F79EFBC}") = "1 Inside_OutsideFigure", "1 Inside_OutsideFigure\1 Inside_OutsideFigure.csproj", "{7F59F7CC-4C84-4FDD-B03A-1CF2208BF0D4}"
EndProject
Project("{FAE04EC0-301F-11D3-BF4B-00C04F79EFBC}") = "2 StudentCables", "2 StudentCables\2 StudentCables.csproj", "{598CB4DD-8C86-4C19-8493-9A468AEB3725}"
EndProject
Project("{FAE04EC0-301F-11D3-BF4B-00C04F79EFBC}") = "3 DrawDNA_Chars", "3 DrawDNA_Chars\3 DrawDNA_Chars.csproj", "{A3FDE0F5-0FDA-4656-B4F1-EDB74FEAD795}"
EndProject
Project("{FAE04EC0-301F-11D3-BF4B-00C04F79EFBC}") = "4 LoopsAllPossibleCarNums", "4 LoopsAllPossibleCarNums\4 LoopsAllPossibleCarNums.csproj", "{956B3B73-10A1-4C22-90BA-7DAA66C0A492}"
EndProject
Project("{FAE04EC0-301F-11D3-BF4B-00C04F79EFBC}") = "1 Method-Switch-Case-Calculations", "1 Method-Switch-Case-Calculations\1 Method-Switch-Case-Calculations.csproj", "{01E83B3B-38F8-4529-82E3-4068A0CB3C5B}"
EndProject
Project("{FAE04EC0-301F-11D3-BF4B-00C04F79EFBC}") = "2 Biggest Tripple", "2 Biggest Tripple\2 Biggest Tripple.csproj", "{D68391B1-7146-4D10-AB2B-3C85D08ABC1E}"
EndProject
Project("{FAE04EC0-301F-11D3-BF4B-00C04F79EFBC}") = "4 ASCIIPassionDays", "4 ASCIIPassionDays\4 ASCIIPassionDays.csproj", "{BD957A04-CA48-4702-B273-3F68B186F530}"
EndProject
Project("{FAE04EC0-301F-11D3-BF4B-00C04F79EFBC}") = "5 BitsSaltAndPepper", "5 BitsSaltAndPepper\5 BitsSaltAndPepper.csproj", "{FDF91DA7-3EE0-406C-BB46-EF9960771AB1}"
EndProject
Project("{FAE04EC0-301F-11D3-BF4B-00C04F79EFBC}") = "4 MasterHerbalist", "4 MasterHerbalist\4 MasterHerbalist.csproj", "{B69B8611-E625-4D2E-8339-3760CB4FADA3}"
EndProject
Project("{FAE04EC0-301F-11D3-BF4B-00C04F79EFBC}") = "5 BitsEmergencyRepairs", "5 BitsEmergencyRepairs\5 BitsEmergencyRepairs.csproj", "{40B3B0A4-A0BC-462C-A4BD-8AE5EF157834}"
EndProject
Project("{FAE04EC0-301F-11D3-BF4B-00C04F79EFBC}") = "4 ASCIIPerfectGirlfriend", "4 ASCIIPerfectGirlfriend\4 ASCIIPerfectGirlfriend.csproj", "{AB38ACFA-3021-44AC-B6DF-37B335EBE5DA}"
EndProject
Project("{FAE04EC0-301F-11D3-BF4B-00C04F79EFBC}") = "5 BitsShuffle", "5 BitsShuffle\5 BitsShuffle.csproj", "{1B5EDFF6-5852-444A-9D00-B5A1C004F1F5}"
EndProject
Project("{FAE04EC0-301F-11D3-BF4B-00C04F79EFBC}") = "4 FireFighters", "4 FireFighters\4 FireFighters.csproj", "{81DA9D90-4A91-432E-93A1-9A402EA5C862}"
EndProject
Project("{FAE04EC0-301F-11D3-BF4B-00C04F79EFBC}") = "5 BitsChangeBadGhost", "5 BitsChangeBadGhost\5 BitsChangeBadGhost.csproj", "{969C942B-AC10-4E25-BDF2-486B59570113}"
EndProject
Project("{FAE04EC0-301F-11D3-BF4B-00C04F79EFBC}") = "4 ASCIIEncryptedMassage", "4 ASCIIEncryptedMassage\4 ASCIIEncryptedMassage.csproj", "{78CF186E-A509-4BC6-B901-D5503A0CD874}"
EndProject
Project("{FAE04EC0-301F-11D3-BF4B-00C04F79EFBC}") = "5 BitsBoardRowsCols", "5 BitsBoardRowsCols\5 BitsBoardRowsCols.csproj", "{C99F1C25-A4C3-43A6-83DA-09A92476452F}"
EndProject
Project("{FAE04EC0-301F-11D3-BF4B-00C04F79EFBC}") = "5 BitsDiagonalCrossroads", "5 BitsDiagonalCrossroads\5 BitsDiagonalCrossroads.csproj", "{E364B8C5-745E-4E08-80E5-6529F92F45CA}"
EndProject
Project("{FAE04EC0-301F-11D3-BF4B-00C04F79EFBC}") = "4 ArraysCompare", "4 ArraysCompare\4 ArraysCompare.csproj", "{63EF6ADC-4B89-477F-8DE5-0E7FE0C3EF81}"
EndProject
Project("{FAE04EC0-301F-11D3-BF4B-00C04F79EFBC}") = "5 BitsKnightPathChess", "5 BitsKnightPathChess\5 BitsKnightPathChess.csproj", "{A586C49E-9A0D-4DA3-BD53-ACF02A411540}"
EndProject
Project("{FAE04EC0-301F-11D3-BF4B-00C04F79EFBC}") = "4 ASCIIMatrixEncrypted", "4 ASCIIMatrixEncrypted\4 ASCIIMatrixEncrypted.csproj", "{B09349DF-1CF0-4C7E-85D4-37D6083CA22C}"
EndProject
Project("{FAE04EC0-301F-11D3-BF4B-00C04F79EFBC}") = "0 MatrixReadingPrinting", "0 MatrixReadingPrinting\0 MatrixReadingPrinting.csproj", "{DF50CD66-BB09-4770-822F-F21958E4258E}"
EndProject
Project("{FAE04EC0-301F-11D3-BF4B-00C04F79EFBC}") = "5 BitsExtractOddEvenPos", "5 BitsExtractOddEvenPos\5 BitsExtractOddEvenPos.csproj", "{AB25A0A1-7707-4EED-B294-587F76125B32}"
EndProject
Project("{FAE04EC0-301F-11D3-BF4B-00C04F79EFBC}") = "4 MatrixTextBomb", "4 MatrixTextBomb\4 MatrixTextBomb.csproj", "{2563C2F8-1219-46B5-B2A3-80B06D2F6C58}"
EndProject
Project("{FAE04EC0-301F-11D3-BF4B-00C04F79EFBC}") = "5 BitsMatrixRotation", "5 BitsMatrixRotation\5 BitsMatrixRotation.csproj", "{33092195-E0D5-4DF7-9883-F7D7CBA6D157}"
EndProject
Project("{FAE04EC0-301F-11D3-BF4B-00C04F79EFBC}") = "4 SpiralMatrixText", "4 SpiralMatrixText\4 SpiralMatrixText.csproj", "{6DDEDD18-6291-42D4-97A5-93907B05DDD2}"
EndProject
Project("{FAE04EC0-301F-11D3-BF4B-00C04F79EFBC}") = "5 BitsMatrixBombs", "5 BitsMatrixBombs\5 BitsMatrixBombs.csproj", "{C8BFFBCC-6316-46AE-BE5E-D73C4BB44F20}"
EndProject
Project("{FAE04EC0-301F-11D3-BF4B-00C04F79EFBC}") = "4 ChanceProbabilityCards", "4 ChanceProbabilityCards\4 ChanceProbabilityCards.csproj", "{5B6269B9-1157-42FA-8A37-BBD0D8867E16}"
EndProject
Project("{FAE04EC0-301F-11D3-BF4B-00C04F79EFBC}") = "5 BitsFlipInsertRemove", "5 BitsFlipInsertRemove\5 BitsFlipInsertRemove.csproj", "{79018ADF-DFA4-4DB0-82F3-7D25ED209D9A}"
EndProject
Project("{FAE04EC0-301F-11D3-BF4B-00C04F79EFBC}") = "4 AllCombinationsLoops", "4 AllCombinationsLoops\4 AllCombinationsLoops.csproj", "{804D2D68-B761-44DF-9B8A-31DB3E515BA3}"
EndProject
Project("{FAE04EC0-301F-11D3-BF4B-00C04F79EFBC}") = "5 BitsGroupsSwap", "5 BitsGroupsSwap\5 BitsGroupsSwap.csproj", "{5C1EC4DC-53F5-4635-A86E-1820550D8FCC}"
EndProject
Project("{FAE04EC0-301F-11D3-BF4B-00C04F79EFBC}") = "4 CombinationNestedLoops", "4 CombinationNestedLoops\4 CombinationNestedLoops.csproj", "{1F9A754A-1802-4EC6-9B1C-B0CC58021DF4}"
EndProject
Project("{FAE04EC0-301F-11D3-BF4B-00C04F79EFBC}") = "5 BitsFormX", "5 BitsFormX\5 BitsFormX.csproj", "{E393A1B0-7C07-4163-9990-50636AB204B7}"
EndProject
Project("{FAE04EC0-301F-11D3-BF4B-00C04F79EFBC}") = "4 PopulationAggregation", "4 PopulationAggregation\4 PopulationAggregation.csproj", "{84029A73-4052-402E-86EB-6F4AAFFEE9EA}"
EndProject
Global
	GlobalSection(SolutionConfigurationPlatforms) = preSolution
		Debug|Any CPU = Debug|Any CPU
		Release|Any CPU = Release|Any CPU
	EndGlobalSection
	GlobalSection(ProjectConfigurationPlatforms) = postSolution
		{084283B7-B565-4821-8915-6BBB639F3E22}.Debug|Any CPU.ActiveCfg = Debug|Any CPU
		{084283B7-B565-4821-8915-6BBB639F3E22}.Debug|Any CPU.Build.0 = Debug|Any CPU
		{084283B7-B565-4821-8915-6BBB639F3E22}.Release|Any CPU.ActiveCfg = Release|Any CPU
		{084283B7-B565-4821-8915-6BBB639F3E22}.Release|Any CPU.Build.0 = Release|Any CPU
		{859A1FC2-E0D4-44B2-BB67-B44396C5252B}.Debug|Any CPU.ActiveCfg = Debug|Any CPU
		{859A1FC2-E0D4-44B2-BB67-B44396C5252B}.Debug|Any CPU.Build.0 = Debug|Any CPU
		{859A1FC2-E0D4-44B2-BB67-B44396C5252B}.Release|Any CPU.ActiveCfg = Release|Any CPU
		{859A1FC2-E0D4-44B2-BB67-B44396C5252B}.Release|Any CPU.Build.0 = Release|Any CPU
		{E1FCC997-A0CA-4B01-8612-CD405A199E19}.Debug|Any CPU.ActiveCfg = Debug|Any CPU
		{E1FCC997-A0CA-4B01-8612-CD405A199E19}.Debug|Any CPU.Build.0 = Debug|Any CPU
		{E1FCC997-A0CA-4B01-8612-CD405A199E19}.Release|Any CPU.ActiveCfg = Release|Any CPU
		{E1FCC997-A0CA-4B01-8612-CD405A199E19}.Release|Any CPU.Build.0 = Release|Any CPU
		{CCA44180-1B94-404E-A25F-2C9391DF34C3}.Debug|Any CPU.ActiveCfg = Debug|Any CPU
		{CCA44180-1B94-404E-A25F-2C9391DF34C3}.Debug|Any CPU.Build.0 = Debug|Any CPU
		{CCA44180-1B94-404E-A25F-2C9391DF34C3}.Release|Any CPU.ActiveCfg = Release|Any CPU
		{CCA44180-1B94-404E-A25F-2C9391DF34C3}.Release|Any CPU.Build.0 = Release|Any CPU
		{C8DC83B9-D1DB-4891-A6D5-EBB65B84E85E}.Debug|Any CPU.ActiveCfg = Debug|Any CPU
		{C8DC83B9-D1DB-4891-A6D5-EBB65B84E85E}.Debug|Any CPU.Build.0 = Debug|Any CPU
		{C8DC83B9-D1DB-4891-A6D5-EBB65B84E85E}.Release|Any CPU.ActiveCfg = Release|Any CPU
		{C8DC83B9-D1DB-4891-A6D5-EBB65B84E85E}.Release|Any CPU.Build.0 = Release|Any CPU
		{49E58846-9230-47A6-BEA8-06E036D38E98}.Debug|Any CPU.ActiveCfg = Debug|Any CPU
		{49E58846-9230-47A6-BEA8-06E036D38E98}.Debug|Any CPU.Build.0 = Debug|Any CPU
		{49E58846-9230-47A6-BEA8-06E036D38E98}.Release|Any CPU.ActiveCfg = Release|Any CPU
		{49E58846-9230-47A6-BEA8-06E036D38E98}.Release|Any CPU.Build.0 = Release|Any CPU
		{059D29FA-B34B-4DEE-93AD-75ED7D6904A9}.Debug|Any CPU.ActiveCfg = Debug|Any CPU
		{059D29FA-B34B-4DEE-93AD-75ED7D6904A9}.Debug|Any CPU.Build.0 = Debug|Any CPU
		{059D29FA-B34B-4DEE-93AD-75ED7D6904A9}.Release|Any CPU.ActiveCfg = Release|Any CPU
		{059D29FA-B34B-4DEE-93AD-75ED7D6904A9}.Release|Any CPU.Build.0 = Release|Any CPU
		{359225A7-0D3E-43F6-BAEE-EA9F59B5BC56}.Debug|Any CPU.ActiveCfg = Debug|Any CPU
		{359225A7-0D3E-43F6-BAEE-EA9F59B5BC56}.Debug|Any CPU.Build.0 = Debug|Any CPU
		{359225A7-0D3E-43F6-BAEE-EA9F59B5BC56}.Release|Any CPU.ActiveCfg = Release|Any CPU
		{359225A7-0D3E-43F6-BAEE-EA9F59B5BC56}.Release|Any CPU.Build.0 = Release|Any CPU
		{343BDE5D-D9F9-48A6-AEDD-E02654222868}.Debug|Any CPU.ActiveCfg = Debug|Any CPU
		{343BDE5D-D9F9-48A6-AEDD-E02654222868}.Debug|Any CPU.Build.0 = Debug|Any CPU
		{343BDE5D-D9F9-48A6-AEDD-E02654222868}.Release|Any CPU.ActiveCfg = Release|Any CPU
		{343BDE5D-D9F9-48A6-AEDD-E02654222868}.Release|Any CPU.Build.0 = Release|Any CPU
		{199096D2-479D-42FA-8A2E-5B4EF3FD843D}.Debug|Any CPU.ActiveCfg = Debug|Any CPU
		{199096D2-479D-42FA-8A2E-5B4EF3FD843D}.Debug|Any CPU.Build.0 = Debug|Any CPU
		{199096D2-479D-42FA-8A2E-5B4EF3FD843D}.Release|Any CPU.ActiveCfg = Release|Any CPU
		{199096D2-479D-42FA-8A2E-5B4EF3FD843D}.Release|Any CPU.Build.0 = Release|Any CPU
		{9547A378-6CEB-41CC-95DC-A2AC9E42C23B}.Debug|Any CPU.ActiveCfg = Debug|Any CPU
		{9547A378-6CEB-41CC-95DC-A2AC9E42C23B}.Debug|Any CPU.Build.0 = Debug|Any CPU
		{9547A378-6CEB-41CC-95DC-A2AC9E42C23B}.Release|Any CPU.ActiveCfg = Release|Any CPU
		{9547A378-6CEB-41CC-95DC-A2AC9E42C23B}.Release|Any CPU.Build.0 = Release|Any CPU
		{2CCD5531-206F-4011-81EB-E48E8ABECE4D}.Debug|Any CPU.ActiveCfg = Debug|Any CPU
		{2CCD5531-206F-4011-81EB-E48E8ABECE4D}.Debug|Any CPU.Build.0 = Debug|Any CPU
		{2CCD5531-206F-4011-81EB-E48E8ABECE4D}.Release|Any CPU.ActiveCfg = Release|Any CPU
		{2CCD5531-206F-4011-81EB-E48E8ABECE4D}.Release|Any CPU.Build.0 = Release|Any CPU
		{5F818AEE-0731-4F48-ADC0-28F494E76F35}.Debug|Any CPU.ActiveCfg = Debug|Any CPU
		{5F818AEE-0731-4F48-ADC0-28F494E76F35}.Debug|Any CPU.Build.0 = Debug|Any CPU
		{5F818AEE-0731-4F48-ADC0-28F494E76F35}.Release|Any CPU.ActiveCfg = Release|Any CPU
		{5F818AEE-0731-4F48-ADC0-28F494E76F35}.Release|Any CPU.Build.0 = Release|Any CPU
		{7F37D25E-CC37-4410-A519-34A6CBBAA1CE}.Debug|Any CPU.ActiveCfg = Debug|Any CPU
		{7F37D25E-CC37-4410-A519-34A6CBBAA1CE}.Debug|Any CPU.Build.0 = Debug|Any CPU
		{7F37D25E-CC37-4410-A519-34A6CBBAA1CE}.Release|Any CPU.ActiveCfg = Release|Any CPU
		{7F37D25E-CC37-4410-A519-34A6CBBAA1CE}.Release|Any CPU.Build.0 = Release|Any CPU
		{D968C0B9-F35E-45B1-9CC5-AA4237623FBA}.Debug|Any CPU.ActiveCfg = Debug|Any CPU
		{D968C0B9-F35E-45B1-9CC5-AA4237623FBA}.Debug|Any CPU.Build.0 = Debug|Any CPU
		{D968C0B9-F35E-45B1-9CC5-AA4237623FBA}.Release|Any CPU.ActiveCfg = Release|Any CPU
		{D968C0B9-F35E-45B1-9CC5-AA4237623FBA}.Release|Any CPU.Build.0 = Release|Any CPU
		{8784D744-325D-4440-9206-349B9A8F8410}.Debug|Any CPU.ActiveCfg = Debug|Any CPU
		{8784D744-325D-4440-9206-349B9A8F8410}.Debug|Any CPU.Build.0 = Debug|Any CPU
		{8784D744-325D-4440-9206-349B9A8F8410}.Release|Any CPU.ActiveCfg = Release|Any CPU
		{8784D744-325D-4440-9206-349B9A8F8410}.Release|Any CPU.Build.0 = Release|Any CPU
		{B205C88F-DCBE-4FD2-B575-FA8BCC1BE988}.Debug|Any CPU.ActiveCfg = Debug|Any CPU
		{B205C88F-DCBE-4FD2-B575-FA8BCC1BE988}.Debug|Any CPU.Build.0 = Debug|Any CPU
		{B205C88F-DCBE-4FD2-B575-FA8BCC1BE988}.Release|Any CPU.ActiveCfg = Release|Any CPU
		{B205C88F-DCBE-4FD2-B575-FA8BCC1BE988}.Release|Any CPU.Build.0 = Release|Any CPU
		{95D2BEE7-E69C-4D55-8A4E-E759007FB3C0}.Debug|Any CPU.ActiveCfg = Debug|Any CPU
		{95D2BEE7-E69C-4D55-8A4E-E759007FB3C0}.Debug|Any CPU.Build.0 = Debug|Any CPU
		{95D2BEE7-E69C-4D55-8A4E-E759007FB3C0}.Release|Any CPU.ActiveCfg = Release|Any CPU
		{95D2BEE7-E69C-4D55-8A4E-E759007FB3C0}.Release|Any CPU.Build.0 = Release|Any CPU
		{D787AF7F-44AB-4E34-A315-A15709C84871}.Debug|Any CPU.ActiveCfg = Debug|Any CPU
		{D787AF7F-44AB-4E34-A315-A15709C84871}.Debug|Any CPU.Build.0 = Debug|Any CPU
		{D787AF7F-44AB-4E34-A315-A15709C84871}.Release|Any CPU.ActiveCfg = Release|Any CPU
		{D787AF7F-44AB-4E34-A315-A15709C84871}.Release|Any CPU.Build.0 = Release|Any CPU
		{2A49328C-81F7-44E6-9399-F562355CE610}.Debug|Any CPU.ActiveCfg = Debug|Any CPU
		{2A49328C-81F7-44E6-9399-F562355CE610}.Debug|Any CPU.Build.0 = Debug|Any CPU
		{2A49328C-81F7-44E6-9399-F562355CE610}.Release|Any CPU.ActiveCfg = Release|Any CPU
		{2A49328C-81F7-44E6-9399-F562355CE610}.Release|Any CPU.Build.0 = Release|Any CPU
		{96BA9DCD-0A0B-4F00-A790-EC775CBE05F6}.Debug|Any CPU.ActiveCfg = Debug|Any CPU
		{96BA9DCD-0A0B-4F00-A790-EC775CBE05F6}.Debug|Any CPU.Build.0 = Debug|Any CPU
		{96BA9DCD-0A0B-4F00-A790-EC775CBE05F6}.Release|Any CPU.ActiveCfg = Release|Any CPU
		{96BA9DCD-0A0B-4F00-A790-EC775CBE05F6}.Release|Any CPU.Build.0 = Release|Any CPU
		{67F411C8-9C3F-4D63-993A-0ABA71C20E11}.Debug|Any CPU.ActiveCfg = Debug|Any CPU
		{67F411C8-9C3F-4D63-993A-0ABA71C20E11}.Debug|Any CPU.Build.0 = Debug|Any CPU
		{67F411C8-9C3F-4D63-993A-0ABA71C20E11}.Release|Any CPU.ActiveCfg = Release|Any CPU
		{67F411C8-9C3F-4D63-993A-0ABA71C20E11}.Release|Any CPU.Build.0 = Release|Any CPU
		{5E178AE9-1D35-4C52-B89B-D22CCD0611EF}.Debug|Any CPU.ActiveCfg = Debug|Any CPU
		{5E178AE9-1D35-4C52-B89B-D22CCD0611EF}.Debug|Any CPU.Build.0 = Debug|Any CPU
		{5E178AE9-1D35-4C52-B89B-D22CCD0611EF}.Release|Any CPU.ActiveCfg = Release|Any CPU
		{5E178AE9-1D35-4C52-B89B-D22CCD0611EF}.Release|Any CPU.Build.0 = Release|Any CPU
		{1250BA10-1E8F-4D06-BB3B-154739A87636}.Debug|Any CPU.ActiveCfg = Debug|Any CPU
		{1250BA10-1E8F-4D06-BB3B-154739A87636}.Debug|Any CPU.Build.0 = Debug|Any CPU
		{1250BA10-1E8F-4D06-BB3B-154739A87636}.Release|Any CPU.ActiveCfg = Release|Any CPU
		{1250BA10-1E8F-4D06-BB3B-154739A87636}.Release|Any CPU.Build.0 = Release|Any CPU
		{7F59F7CC-4C84-4FDD-B03A-1CF2208BF0D4}.Debug|Any CPU.ActiveCfg = Debug|Any CPU
		{7F59F7CC-4C84-4FDD-B03A-1CF2208BF0D4}.Debug|Any CPU.Build.0 = Debug|Any CPU
		{7F59F7CC-4C84-4FDD-B03A-1CF2208BF0D4}.Release|Any CPU.ActiveCfg = Release|Any CPU
		{7F59F7CC-4C84-4FDD-B03A-1CF2208BF0D4}.Release|Any CPU.Build.0 = Release|Any CPU
		{598CB4DD-8C86-4C19-8493-9A468AEB3725}.Debug|Any CPU.ActiveCfg = Debug|Any CPU
		{598CB4DD-8C86-4C19-8493-9A468AEB3725}.Debug|Any CPU.Build.0 = Debug|Any CPU
		{598CB4DD-8C86-4C19-8493-9A468AEB3725}.Release|Any CPU.ActiveCfg = Release|Any CPU
		{598CB4DD-8C86-4C19-8493-9A468AEB3725}.Release|Any CPU.Build.0 = Release|Any CPU
		{A3FDE0F5-0FDA-4656-B4F1-EDB74FEAD795}.Debug|Any CPU.ActiveCfg = Debug|Any CPU
		{A3FDE0F5-0FDA-4656-B4F1-EDB74FEAD795}.Debug|Any CPU.Build.0 = Debug|Any CPU
		{A3FDE0F5-0FDA-4656-B4F1-EDB74FEAD795}.Release|Any CPU.ActiveCfg = Release|Any CPU
		{A3FDE0F5-0FDA-4656-B4F1-EDB74FEAD795}.Release|Any CPU.Build.0 = Release|Any CPU
		{956B3B73-10A1-4C22-90BA-7DAA66C0A492}.Debug|Any CPU.ActiveCfg = Debug|Any CPU
		{956B3B73-10A1-4C22-90BA-7DAA66C0A492}.Debug|Any CPU.Build.0 = Debug|Any CPU
		{956B3B73-10A1-4C22-90BA-7DAA66C0A492}.Release|Any CPU.ActiveCfg = Release|Any CPU
		{956B3B73-10A1-4C22-90BA-7DAA66C0A492}.Release|Any CPU.Build.0 = Release|Any CPU
		{01E83B3B-38F8-4529-82E3-4068A0CB3C5B}.Debug|Any CPU.ActiveCfg = Debug|Any CPU
		{01E83B3B-38F8-4529-82E3-4068A0CB3C5B}.Debug|Any CPU.Build.0 = Debug|Any CPU
		{01E83B3B-38F8-4529-82E3-4068A0CB3C5B}.Release|Any CPU.ActiveCfg = Release|Any CPU
		{01E83B3B-38F8-4529-82E3-4068A0CB3C5B}.Release|Any CPU.Build.0 = Release|Any CPU
		{D68391B1-7146-4D10-AB2B-3C85D08ABC1E}.Debug|Any CPU.ActiveCfg = Debug|Any CPU
		{D68391B1-7146-4D10-AB2B-3C85D08ABC1E}.Debug|Any CPU.Build.0 = Debug|Any CPU
		{D68391B1-7146-4D10-AB2B-3C85D08ABC1E}.Release|Any CPU.ActiveCfg = Release|Any CPU
		{D68391B1-7146-4D10-AB2B-3C85D08ABC1E}.Release|Any CPU.Build.0 = Release|Any CPU
		{BD957A04-CA48-4702-B273-3F68B186F530}.Debug|Any CPU.ActiveCfg = Debug|Any CPU
		{BD957A04-CA48-4702-B273-3F68B186F530}.Debug|Any CPU.Build.0 = Debug|Any CPU
		{BD957A04-CA48-4702-B273-3F68B186F530}.Release|Any CPU.ActiveCfg = Release|Any CPU
		{BD957A04-CA48-4702-B273-3F68B186F530}.Release|Any CPU.Build.0 = Release|Any CPU
		{FDF91DA7-3EE0-406C-BB46-EF9960771AB1}.Debug|Any CPU.ActiveCfg = Debug|Any CPU
		{FDF91DA7-3EE0-406C-BB46-EF9960771AB1}.Debug|Any CPU.Build.0 = Debug|Any CPU
		{FDF91DA7-3EE0-406C-BB46-EF9960771AB1}.Release|Any CPU.ActiveCfg = Release|Any CPU
		{FDF91DA7-3EE0-406C-BB46-EF9960771AB1}.Release|Any CPU.Build.0 = Release|Any CPU
		{B69B8611-E625-4D2E-8339-3760CB4FADA3}.Debug|Any CPU.ActiveCfg = Debug|Any CPU
		{B69B8611-E625-4D2E-8339-3760CB4FADA3}.Debug|Any CPU.Build.0 = Debug|Any CPU
		{B69B8611-E625-4D2E-8339-3760CB4FADA3}.Release|Any CPU.ActiveCfg = Release|Any CPU
		{B69B8611-E625-4D2E-8339-3760CB4FADA3}.Release|Any CPU.Build.0 = Release|Any CPU
		{40B3B0A4-A0BC-462C-A4BD-8AE5EF157834}.Debug|Any CPU.ActiveCfg = Debug|Any CPU
		{40B3B0A4-A0BC-462C-A4BD-8AE5EF157834}.Debug|Any CPU.Build.0 = Debug|Any CPU
		{40B3B0A4-A0BC-462C-A4BD-8AE5EF157834}.Release|Any CPU.ActiveCfg = Release|Any CPU
		{40B3B0A4-A0BC-462C-A4BD-8AE5EF157834}.Release|Any CPU.Build.0 = Release|Any CPU
		{AB38ACFA-3021-44AC-B6DF-37B335EBE5DA}.Debug|Any CPU.ActiveCfg = Debug|Any CPU
		{AB38ACFA-3021-44AC-B6DF-37B335EBE5DA}.Debug|Any CPU.Build.0 = Debug|Any CPU
		{AB38ACFA-3021-44AC-B6DF-37B335EBE5DA}.Release|Any CPU.ActiveCfg = Release|Any CPU
		{AB38ACFA-3021-44AC-B6DF-37B335EBE5DA}.Release|Any CPU.Build.0 = Release|Any CPU
		{1B5EDFF6-5852-444A-9D00-B5A1C004F1F5}.Debug|Any CPU.ActiveCfg = Debug|Any CPU
		{1B5EDFF6-5852-444A-9D00-B5A1C004F1F5}.Debug|Any CPU.Build.0 = Debug|Any CPU
		{1B5EDFF6-5852-444A-9D00-B5A1C004F1F5}.Release|Any CPU.ActiveCfg = Release|Any CPU
		{1B5EDFF6-5852-444A-9D00-B5A1C004F1F5}.Release|Any CPU.Build.0 = Release|Any CPU
		{81DA9D90-4A91-432E-93A1-9A402EA5C862}.Debug|Any CPU.ActiveCfg = Debug|Any CPU
		{81DA9D90-4A91-432E-93A1-9A402EA5C862}.Debug|Any CPU.Build.0 = Debug|Any CPU
		{81DA9D90-4A91-432E-93A1-9A402EA5C862}.Release|Any CPU.ActiveCfg = Release|Any CPU
		{81DA9D90-4A91-432E-93A1-9A402EA5C862}.Release|Any CPU.Build.0 = Release|Any CPU
		{969C942B-AC10-4E25-BDF2-486B59570113}.Debug|Any CPU.ActiveCfg = Debug|Any CPU
		{969C942B-AC10-4E25-BDF2-486B59570113}.Debug|Any CPU.Build.0 = Debug|Any CPU
		{969C942B-AC10-4E25-BDF2-486B59570113}.Release|Any CPU.ActiveCfg = Release|Any CPU
		{969C942B-AC10-4E25-BDF2-486B59570113}.Release|Any CPU.Build.0 = Release|Any CPU
		{78CF186E-A509-4BC6-B901-D5503A0CD874}.Debug|Any CPU.ActiveCfg = Debug|Any CPU
		{78CF186E-A509-4BC6-B901-D5503A0CD874}.Debug|Any CPU.Build.0 = Debug|Any CPU
		{78CF186E-A509-4BC6-B901-D5503A0CD874}.Release|Any CPU.ActiveCfg = Release|Any CPU
		{78CF186E-A509-4BC6-B901-D5503A0CD874}.Release|Any CPU.Build.0 = Release|Any CPU
		{C99F1C25-A4C3-43A6-83DA-09A92476452F}.Debug|Any CPU.ActiveCfg = Debug|Any CPU
		{C99F1C25-A4C3-43A6-83DA-09A92476452F}.Debug|Any CPU.Build.0 = Debug|Any CPU
		{C99F1C25-A4C3-43A6-83DA-09A92476452F}.Release|Any CPU.ActiveCfg = Release|Any CPU
		{C99F1C25-A4C3-43A6-83DA-09A92476452F}.Release|Any CPU.Build.0 = Release|Any CPU
		{E364B8C5-745E-4E08-80E5-6529F92F45CA}.Debug|Any CPU.ActiveCfg = Debug|Any CPU
		{E364B8C5-745E-4E08-80E5-6529F92F45CA}.Debug|Any CPU.Build.0 = Debug|Any CPU
		{E364B8C5-745E-4E08-80E5-6529F92F45CA}.Release|Any CPU.ActiveCfg = Release|Any CPU
		{E364B8C5-745E-4E08-80E5-6529F92F45CA}.Release|Any CPU.Build.0 = Release|Any CPU
		{63EF6ADC-4B89-477F-8DE5-0E7FE0C3EF81}.Debug|Any CPU.ActiveCfg = Debug|Any CPU
		{63EF6ADC-4B89-477F-8DE5-0E7FE0C3EF81}.Debug|Any CPU.Build.0 = Debug|Any CPU
		{63EF6ADC-4B89-477F-8DE5-0E7FE0C3EF81}.Release|Any CPU.ActiveCfg = Release|Any CPU
		{63EF6ADC-4B89-477F-8DE5-0E7FE0C3EF81}.Release|Any CPU.Build.0 = Release|Any CPU
		{A586C49E-9A0D-4DA3-BD53-ACF02A411540}.Debug|Any CPU.ActiveCfg = Debug|Any CPU
		{A586C49E-9A0D-4DA3-BD53-ACF02A411540}.Debug|Any CPU.Build.0 = Debug|Any CPU
		{A586C49E-9A0D-4DA3-BD53-ACF02A411540}.Release|Any CPU.ActiveCfg = Release|Any CPU
		{A586C49E-9A0D-4DA3-BD53-ACF02A411540}.Release|Any CPU.Build.0 = Release|Any CPU
		{B09349DF-1CF0-4C7E-85D4-37D6083CA22C}.Debug|Any CPU.ActiveCfg = Debug|Any CPU
		{B09349DF-1CF0-4C7E-85D4-37D6083CA22C}.Debug|Any CPU.Build.0 = Debug|Any CPU
		{B09349DF-1CF0-4C7E-85D4-37D6083CA22C}.Release|Any CPU.ActiveCfg = Release|Any CPU
		{B09349DF-1CF0-4C7E-85D4-37D6083CA22C}.Release|Any CPU.Build.0 = Release|Any CPU
		{DF50CD66-BB09-4770-822F-F21958E4258E}.Debug|Any CPU.ActiveCfg = Debug|Any CPU
		{DF50CD66-BB09-4770-822F-F21958E4258E}.Debug|Any CPU.Build.0 = Debug|Any CPU
		{DF50CD66-BB09-4770-822F-F21958E4258E}.Release|Any CPU.ActiveCfg = Release|Any CPU
		{DF50CD66-BB09-4770-822F-F21958E4258E}.Release|Any CPU.Build.0 = Release|Any CPU
		{AB25A0A1-7707-4EED-B294-587F76125B32}.Debug|Any CPU.ActiveCfg = Debug|Any CPU
		{AB25A0A1-7707-4EED-B294-587F76125B32}.Debug|Any CPU.Build.0 = Debug|Any CPU
		{AB25A0A1-7707-4EED-B294-587F76125B32}.Release|Any CPU.ActiveCfg = Release|Any CPU
		{AB25A0A1-7707-4EED-B294-587F76125B32}.Release|Any CPU.Build.0 = Release|Any CPU
		{2563C2F8-1219-46B5-B2A3-80B06D2F6C58}.Debug|Any CPU.ActiveCfg = Debug|Any CPU
		{2563C2F8-1219-46B5-B2A3-80B06D2F6C58}.Debug|Any CPU.Build.0 = Debug|Any CPU
		{2563C2F8-1219-46B5-B2A3-80B06D2F6C58}.Release|Any CPU.ActiveCfg = Release|Any CPU
		{2563C2F8-1219-46B5-B2A3-80B06D2F6C58}.Release|Any CPU.Build.0 = Release|Any CPU
		{33092195-E0D5-4DF7-9883-F7D7CBA6D157}.Debug|Any CPU.ActiveCfg = Debug|Any CPU
		{33092195-E0D5-4DF7-9883-F7D7CBA6D157}.Debug|Any CPU.Build.0 = Debug|Any CPU
		{33092195-E0D5-4DF7-9883-F7D7CBA6D157}.Release|Any CPU.ActiveCfg = Release|Any CPU
		{33092195-E0D5-4DF7-9883-F7D7CBA6D157}.Release|Any CPU.Build.0 = Release|Any CPU
		{6DDEDD18-6291-42D4-97A5-93907B05DDD2}.Debug|Any CPU.ActiveCfg = Debug|Any CPU
		{6DDEDD18-6291-42D4-97A5-93907B05DDD2}.Debug|Any CPU.Build.0 = Debug|Any CPU
		{6DDEDD18-6291-42D4-97A5-93907B05DDD2}.Release|Any CPU.ActiveCfg = Release|Any CPU
		{6DDEDD18-6291-42D4-97A5-93907B05DDD2}.Release|Any CPU.Build.0 = Release|Any CPU
		{C8BFFBCC-6316-46AE-BE5E-D73C4BB44F20}.Debug|Any CPU.ActiveCfg = Debug|Any CPU
		{C8BFFBCC-6316-46AE-BE5E-D73C4BB44F20}.Debug|Any CPU.Build.0 = Debug|Any CPU
		{C8BFFBCC-6316-46AE-BE5E-D73C4BB44F20}.Release|Any CPU.ActiveCfg = Release|Any CPU
		{C8BFFBCC-6316-46AE-BE5E-D73C4BB44F20}.Release|Any CPU.Build.0 = Release|Any CPU
		{5B6269B9-1157-42FA-8A37-BBD0D8867E16}.Debug|Any CPU.ActiveCfg = Debug|Any CPU
		{5B6269B9-1157-42FA-8A37-BBD0D8867E16}.Debug|Any CPU.Build.0 = Debug|Any CPU
		{5B6269B9-1157-42FA-8A37-BBD0D8867E16}.Release|Any CPU.ActiveCfg = Release|Any CPU
		{5B6269B9-1157-42FA-8A37-BBD0D8867E16}.Release|Any CPU.Build.0 = Release|Any CPU
		{79018ADF-DFA4-4DB0-82F3-7D25ED209D9A}.Debug|Any CPU.ActiveCfg = Debug|Any CPU
		{79018ADF-DFA4-4DB0-82F3-7D25ED209D9A}.Debug|Any CPU.Build.0 = Debug|Any CPU
		{79018ADF-DFA4-4DB0-82F3-7D25ED209D9A}.Release|Any CPU.ActiveCfg = Release|Any CPU
		{79018ADF-DFA4-4DB0-82F3-7D25ED209D9A}.Release|Any CPU.Build.0 = Release|Any CPU
		{804D2D68-B761-44DF-9B8A-31DB3E515BA3}.Debug|Any CPU.ActiveCfg = Debug|Any CPU
		{804D2D68-B761-44DF-9B8A-31DB3E515BA3}.Debug|Any CPU.Build.0 = Debug|Any CPU
		{804D2D68-B761-44DF-9B8A-31DB3E515BA3}.Release|Any CPU.ActiveCfg = Release|Any CPU
		{804D2D68-B761-44DF-9B8A-31DB3E515BA3}.Release|Any CPU.Build.0 = Release|Any CPU
		{5C1EC4DC-53F5-4635-A86E-1820550D8FCC}.Debug|Any CPU.ActiveCfg = Debug|Any CPU
		{5C1EC4DC-53F5-4635-A86E-1820550D8FCC}.Debug|Any CPU.Build.0 = Debug|Any CPU
		{5C1EC4DC-53F5-4635-A86E-1820550D8FCC}.Release|Any CPU.ActiveCfg = Release|Any CPU
		{5C1EC4DC-53F5-4635-A86E-1820550D8FCC}.Release|Any CPU.Build.0 = Release|Any CPU
		{1F9A754A-1802-4EC6-9B1C-B0CC58021DF4}.Debug|Any CPU.ActiveCfg = Debug|Any CPU
		{1F9A754A-1802-4EC6-9B1C-B0CC58021DF4}.Debug|Any CPU.Build.0 = Debug|Any CPU
		{1F9A754A-1802-4EC6-9B1C-B0CC58021DF4}.Release|Any CPU.ActiveCfg = Release|Any CPU
		{1F9A754A-1802-4EC6-9B1C-B0CC58021DF4}.Release|Any CPU.Build.0 = Release|Any CPU
		{E393A1B0-7C07-4163-9990-50636AB204B7}.Debug|Any CPU.ActiveCfg = Debug|Any CPU
		{E393A1B0-7C07-4163-9990-50636AB204B7}.Debug|Any CPU.Build.0 = Debug|Any CPU
		{E393A1B0-7C07-4163-9990-50636AB204B7}.Release|Any CPU.ActiveCfg = Release|Any CPU
		{E393A1B0-7C07-4163-9990-50636AB204B7}.Release|Any CPU.Build.0 = Release|Any CPU
		{84029A73-4052-402E-86EB-6F4AAFFEE9EA}.Debug|Any CPU.ActiveCfg = Debug|Any CPU
		{84029A73-4052-402E-86EB-6F4AAFFEE9EA}.Debug|Any CPU.Build.0 = Debug|Any CPU
		{84029A73-4052-402E-86EB-6F4AAFFEE9EA}.Release|Any CPU.ActiveCfg = Release|Any CPU
		{84029A73-4052-402E-86EB-6F4AAFFEE9EA}.Release|Any CPU.Build.0 = Release|Any CPU
	EndGlobalSection
	GlobalSection(SolutionProperties) = preSolution
		HideSolutionNode = FALSE
	EndGlobalSection
EndGlobal
