
Microsoft Visual Studio Solution File, Format Version 12.00
# Visual Studio 14
VisualStudioVersion = 14.0.25123.0
MinimumVisualStudioVersion = 10.0.40219.1
Project("{FAE04EC0-301F-11D3-BF4B-00C04F79EFBC}") = "4 VehiclePark", "VehiclePark\4 VehiclePark.csproj", "{BAF798C1-C1E0-4FC2-8BCD-446C3E1ECA74}"
EndProject
Project("{FAE04EC0-301F-11D3-BF4B-00C04F79EFBC}") = "5 BlurFilter", "BlurFilter\5 BlurFilter.csproj", "{73D84ED7-86D9-4C6D-B085-F89E423C5CEE}"
EndProject
Global
	GlobalSection(SolutionConfigurationPlatforms) = preSolution
		Debug|Any CPU = Debug|Any CPU
		Release|Any CPU = Release|Any CPU
	EndGlobalSection
	GlobalSection(ProjectConfigurationPlatforms) = postSolution
		{BAF798C1-C1E0-4FC2-8BCD-446C3E1ECA74}.Debug|Any CPU.ActiveCfg = Debug|Any CPU
		{BAF798C1-C1E0-4FC2-8BCD-446C3E1ECA74}.Debug|Any CPU.Build.0 = Debug|Any CPU
		{BAF798C1-C1E0-4FC2-8BCD-446C3E1ECA74}.Release|Any CPU.ActiveCfg = Release|Any CPU
		{BAF798C1-C1E0-4FC2-8BCD-446C3E1ECA74}.Release|Any CPU.Build.0 = Release|Any CPU
		{73D84ED7-86D9-4C6D-B085-F89E423C5CEE}.Debug|Any CPU.ActiveCfg = Debug|Any CPU
		{73D84ED7-86D9-4C6D-B085-F89E423C5CEE}.Debug|Any CPU.Build.0 = Debug|Any CPU
		{73D84ED7-86D9-4C6D-B085-F89E423C5CEE}.Release|Any CPU.ActiveCfg = Release|Any CPU
		{73D84ED7-86D9-4C6D-B085-F89E423C5CEE}.Release|Any CPU.Build.0 = Release|Any CPU
	EndGlobalSection
	GlobalSection(SolutionProperties) = preSolution
		HideSolutionNode = FALSE
	EndGlobalSection
EndGlobal
